
Microsoft Visual Studio Solution File, Format Version 12.00
# Visual Studio Version 17
VisualStudioVersion = 17.8.34316.72
MinimumVisualStudioVersion = 10.0.40219.1
Project("{9A19103F-16F7-4668-BE54-9A1E7A4F7556}") = "ToDoList.WEB", "ToDoList.WEB\ToDoList.WEB.csproj", "{13EDDD13-E7CF-4F0C-BF46-4BA373691FCC}"
EndProject
Project("{9A19103F-16F7-4668-BE54-9A1E7A4F7556}") = "ToDoList.DAL", "ToDoList.DAL\ToDoList.DAL.csproj", "{5DFD22FB-3189-4E83-8247-4B56AADDA8A7}"
EndProject
Project("{9A19103F-16F7-4668-BE54-9A1E7A4F7556}") = "ToDoList.Domain", "ToDoList.Domain\ToDoList.Domain.csproj", "{7DD2A384-1B95-43E3-9033-497ABBF9FF02}"
EndProject
Project("{9A19103F-16F7-4668-BE54-9A1E7A4F7556}") = "ToDoList.BLL", "ToDoList.BLL\ToDoList.BLL.csproj", "{D2A0AD3E-23F1-45EA-B277-BAD828F7A73F}"
EndProject
Global
	GlobalSection(SolutionConfigurationPlatforms) = preSolution
		Debug|Any CPU = Debug|Any CPU
		Release|Any CPU = Release|Any CPU
	EndGlobalSection
	GlobalSection(ProjectConfigurationPlatforms) = postSolution
		{13EDDD13-E7CF-4F0C-BF46-4BA373691FCC}.Debug|Any CPU.ActiveCfg = Debug|Any CPU
		{13EDDD13-E7CF-4F0C-BF46-4BA373691FCC}.Debug|Any CPU.Build.0 = Debug|Any CPU
		{13EDDD13-E7CF-4F0C-BF46-4BA373691FCC}.Release|Any CPU.ActiveCfg = Release|Any CPU
		{13EDDD13-E7CF-4F0C-BF46-4BA373691FCC}.Release|Any CPU.Build.0 = Release|Any CPU
		{5DFD22FB-3189-4E83-8247-4B56AADDA8A7}.Debug|Any CPU.ActiveCfg = Debug|Any CPU
		{5DFD22FB-3189-4E83-8247-4B56AADDA8A7}.Debug|Any CPU.Build.0 = Debug|Any CPU
		{5DFD22FB-3189-4E83-8247-4B56AADDA8A7}.Release|Any CPU.ActiveCfg = Release|Any CPU
		{5DFD22FB-3189-4E83-8247-4B56AADDA8A7}.Release|Any CPU.Build.0 = Release|Any CPU
		{7DD2A384-1B95-43E3-9033-497ABBF9FF02}.Debug|Any CPU.ActiveCfg = Debug|Any CPU
		{7DD2A384-1B95-43E3-9033-497ABBF9FF02}.Debug|Any CPU.Build.0 = Debug|Any CPU
		{7DD2A384-1B95-43E3-9033-497ABBF9FF02}.Release|Any CPU.ActiveCfg = Release|Any CPU
		{7DD2A384-1B95-43E3-9033-497ABBF9FF02}.Release|Any CPU.Build.0 = Release|Any CPU
		{D2A0AD3E-23F1-45EA-B277-BAD828F7A73F}.Debug|Any CPU.ActiveCfg = Debug|Any CPU
		{D2A0AD3E-23F1-45EA-B277-BAD828F7A73F}.Debug|Any CPU.Build.0 = Debug|Any CPU
		{D2A0AD3E-23F1-45EA-B277-BAD828F7A73F}.Release|Any CPU.ActiveCfg = Release|Any CPU
		{D2A0AD3E-23F1-45EA-B277-BAD828F7A73F}.Release|Any CPU.Build.0 = Release|Any CPU
	EndGlobalSection
	GlobalSection(SolutionProperties) = preSolution
		HideSolutionNode = FALSE
	EndGlobalSection
	GlobalSection(ExtensibilityGlobals) = postSolution
		SolutionGuid = {85599ABF-9471-49D3-9DB5-CA1D975CEF5A}
	EndGlobalSection
EndGlobal
